// !$*UTF8*$!
{
	archiveVersion = 1;
	classes = {
	};
	objectVersion = 55;
	objects = {

/* Begin PBXBuildFile section */
		C01B100B27C7635B00C39818 /* FlowImageSampleApp.swift in Sources */ = {isa = PBXBuildFile; fileRef = C01B100A27C7635B00C39818 /* FlowImageSampleApp.swift */; };
		C01B100D27C7635B00C39818 /* ContentView.swift in Sources */ = {isa = PBXBuildFile; fileRef = C01B100C27C7635B00C39818 /* ContentView.swift */; };
		C01B100F27C7635C00C39818 /* Assets.xcassets in Resources */ = {isa = PBXBuildFile; fileRef = C01B100E27C7635C00C39818 /* Assets.xcassets */; };
		C01B101227C7635C00C39818 /* Preview Assets.xcassets in Resources */ = {isa = PBXBuildFile; fileRef = C01B101127C7635C00C39818 /* Preview Assets.xcassets */; };
		C03C46B827C76B1900BC978B /* FlowImage in Frameworks */ = {isa = PBXBuildFile; productRef = C03C46B727C76B1900BC978B /* FlowImage */; };
		C0914B5527D4ACF200F069E9 /* SampleImages.swift in Sources */ = {isa = PBXBuildFile; fileRef = C0914B5327D4ACF100F069E9 /* SampleImages.swift */; };
		C0914B5627D4ACF200F069E9 /* Level1View.swift in Sources */ = {isa = PBXBuildFile; fileRef = C0914B5427D4ACF100F069E9 /* Level1View.swift */; };
/* End PBXBuildFile section */

/* Begin PBXFileReference section */
		C01B100727C7635B00C39818 /* FlowImageSampleApp.app */ = {isa = PBXFileReference; explicitFileType = wrapper.application; includeInIndex = 0; path = FlowImageSampleApp.app; sourceTree = BUILT_PRODUCTS_DIR; };
		C01B100A27C7635B00C39818 /* FlowImageSampleApp.swift */ = {isa = PBXFileReference; lastKnownFileType = sourcecode.swift; path = FlowImageSampleApp.swift; sourceTree = "<group>"; };
		C01B100C27C7635B00C39818 /* ContentView.swift */ = {isa = PBXFileReference; lastKnownFileType = sourcecode.swift; path = ContentView.swift; sourceTree = "<group>"; };
		C01B100E27C7635C00C39818 /* Assets.xcassets */ = {isa = PBXFileReference; lastKnownFileType = folder.assetcatalog; path = Assets.xcassets; sourceTree = "<group>"; };
		C01B101127C7635C00C39818 /* Preview Assets.xcassets */ = {isa = PBXFileReference; lastKnownFileType = folder.assetcatalog; path = "Preview Assets.xcassets"; sourceTree = "<group>"; };
		C01B101B27C765FE00C39818 /* Info.plist */ = {isa = PBXFileReference; lastKnownFileType = text.plist; path = Info.plist; sourceTree = "<group>"; };
		C03C46B427C76AC600BC978B /* FlowImage */ = {isa = PBXFileReference; lastKnownFileType = wrapper; name = FlowImage; path = ..; sourceTree = "<group>"; };
		C0914B5327D4ACF100F069E9 /* SampleImages.swift */ = {isa = PBXFileReference; fileEncoding = 4; lastKnownFileType = sourcecode.swift; path = SampleImages.swift; sourceTree = "<group>"; };
		C0914B5427D4ACF100F069E9 /* Level1View.swift */ = {isa = PBXFileReference; fileEncoding = 4; lastKnownFileType = sourcecode.swift; path = Level1View.swift; sourceTree = "<group>"; };
/* End PBXFileReference section */

/* Begin PBXFrameworksBuildPhase section */
		C01B100427C7635B00C39818 /* Frameworks */ = {
			isa = PBXFrameworksBuildPhase;
			buildActionMask = 2147483647;
			files = (
				C03C46B827C76B1900BC978B /* FlowImage in Frameworks */,
			);
			runOnlyForDeploymentPostprocessing = 0;
		};
/* End PBXFrameworksBuildPhase section */

/* Begin PBXGroup section */
		C01B0FFE27C7635A00C39818 = {
			isa = PBXGroup;
			children = (
				C01B100927C7635B00C39818 /* FlowImageSampleApp */,
				C01B100827C7635B00C39818 /* Products */,
				C03C46B327C76AC600BC978B /* Frameworks */,
			);
			sourceTree = "<group>";
		};
		C01B100827C7635B00C39818 /* Products */ = {
			isa = PBXGroup;
			children = (
				C01B100727C7635B00C39818 /* FlowImageSampleApp.app */,
			);
			name = Products;
			sourceTree = "<group>";
		};
		C01B100927C7635B00C39818 /* FlowImageSampleApp */ = {
			isa = PBXGroup;
			children = (
				C01B101B27C765FE00C39818 /* Info.plist */,
				C01B100A27C7635B00C39818 /* FlowImageSampleApp.swift */,
				C01B100C27C7635B00C39818 /* ContentView.swift */,
				C0914B5427D4ACF100F069E9 /* Level1View.swift */,
				C0914B5327D4ACF100F069E9 /* SampleImages.swift */,
				C01B100E27C7635C00C39818 /* Assets.xcassets */,
				C01B101027C7635C00C39818 /* Preview Content */,
			);
			path = FlowImageSampleApp;
			sourceTree = "<group>";
		};
		C01B101027C7635C00C39818 /* Preview Content */ = {
			isa = PBXGroup;
			children = (
				C01B101127C7635C00C39818 /* Preview Assets.xcassets */,
			);
			path = "Preview Content";
			sourceTree = "<group>";
		};
		C03C46B327C76AC600BC978B /* Frameworks */ = {
			isa = PBXGroup;
			children = (
				C03C46B427C76AC600BC978B /* FlowImage */,
			);
			name = Frameworks;
			sourceTree = "<group>";
		};
/* End PBXGroup section */

/* Begin PBXNativeTarget section */
		C01B100627C7635B00C39818 /* FlowImageSampleApp */ = {
			isa = PBXNativeTarget;
			buildConfigurationList = C01B101527C7635C00C39818 /* Build configuration list for PBXNativeTarget "FlowImageSampleApp" */;
			buildPhases = (
				C01B100327C7635B00C39818 /* Sources */,
				C01B100427C7635B00C39818 /* Frameworks */,
				C01B100527C7635B00C39818 /* Resources */,
			);
			buildRules = (
			);
			dependencies = (
			);
			name = FlowImageSampleApp;
			packageProductDependencies = (
				C03C46B727C76B1900BC978B /* FlowImage */,
			);
			productName = FlowImageSampleApp;
			productReference = C01B100727C7635B00C39818 /* FlowImageSampleApp.app */;
			productType = "com.apple.product-type.application";
		};
/* End PBXNativeTarget section */

/* Begin PBXProject section */
		C01B0FFF27C7635A00C39818 /* Project object */ = {
			isa = PBXProject;
			attributes = {
				BuildIndependentTargetsInParallel = 1;
				LastSwiftUpdateCheck = 1320;
				LastUpgradeCheck = 1320;
				TargetAttributes = {
					C01B100627C7635B00C39818 = {
						CreatedOnToolsVersion = 13.2.1;
					};
				};
			};
			buildConfigurationList = C01B100227C7635A00C39818 /* Build configuration list for PBXProject "FlowImageSampleApp" */;
			compatibilityVersion = "Xcode 13.0";
			developmentRegion = en;
			hasScannedForEncodings = 0;
			knownRegions = (
				en,
				Base,
			);
			mainGroup = C01B0FFE27C7635A00C39818;
			packageReferences = (
				C03C46B627C76B1900BC978B /* XCRemoteSwiftPackageReference "FlowImage" */,
			);
			productRefGroup = C01B100827C7635B00C39818 /* Products */;
			projectDirPath = "";
			projectRoot = "";
			targets = (
				C01B100627C7635B00C39818 /* FlowImageSampleApp */,
			);
		};
/* End PBXProject section */

/* Begin PBXResourcesBuildPhase section */
		C01B100527C7635B00C39818 /* Resources */ = {
			isa = PBXResourcesBuildPhase;
			buildActionMask = 2147483647;
			files = (
				C01B101227C7635C00C39818 /* Preview Assets.xcassets in Resources */,
				C01B100F27C7635C00C39818 /* Assets.xcassets in Resources */,
			);
			runOnlyForDeploymentPostprocessing = 0;
		};
/* End PBXResourcesBuildPhase section */

/* Begin PBXSourcesBuildPhase section */
		C01B100327C7635B00C39818 /* Sources */ = {
			isa = PBXSourcesBuildPhase;
			buildActionMask = 2147483647;
			files = (
				C0914B5527D4ACF200F069E9 /* SampleImages.swift in Sources */,
				C01B100D27C7635B00C39818 /* ContentView.swift in Sources */,
				C01B100B27C7635B00C39818 /* FlowImageSampleApp.swift in Sources */,
				C0914B5627D4ACF200F069E9 /* Level1View.swift in Sources */,
			);
			runOnlyForDeploymentPostprocessing = 0;
		};
/* End PBXSourcesBuildPhase section */

/* Begin XCBuildConfiguration section */
		C01B101327C7635C00C39818 /* Debug */ = {
			isa = XCBuildConfiguration;
			buildSettings = {
				ALWAYS_SEARCH_USER_PATHS = NO;
				CLANG_ANALYZER_NONNULL = YES;
				CLANG_ANALYZER_NUMBER_OBJECT_CONVERSION = YES_AGGRESSIVE;
				CLANG_CXX_LANGUAGE_STANDARD = "gnu++17";
				CLANG_CXX_LIBRARY = "libc++";
				CLANG_ENABLE_MODULES = YES;
				CLANG_ENABLE_OBJC_ARC = YES;
				CLANG_ENABLE_OBJC_WEAK = YES;
				CLANG_WARN_BLOCK_CAPTURE_AUTORELEASING = YES;
				CLANG_WARN_BOOL_CONVERSION = YES;
				CLANG_WARN_COMMA = YES;
				CLANG_WARN_CONSTANT_CONVERSION = YES;
				CLANG_WARN_DEPRECATED_OBJC_IMPLEMENTATIONS = YES;
				CLANG_WARN_DIRECT_OBJC_ISA_USAGE = YES_ERROR;
				CLANG_WARN_DOCUMENTATION_COMMENTS = YES;
				CLANG_WARN_EMPTY_BODY = YES;
				CLANG_WARN_ENUM_CONVERSION = YES;
				CLANG_WARN_INFINITE_RECURSION = YES;
				CLANG_WARN_INT_CONVERSION = YES;
				CLANG_WARN_NON_LITERAL_NULL_CONVERSION = YES;
				CLANG_WARN_OBJC_IMPLICIT_RETAIN_SELF = YES;
				CLANG_WARN_OBJC_LITERAL_CONVERSION = YES;
				CLANG_WARN_OBJC_ROOT_CLASS = YES_ERROR;
				CLANG_WARN_QUOTED_INCLUDE_IN_FRAMEWORK_HEADER = YES;
				CLANG_WARN_RANGE_LOOP_ANALYSIS = YES;
				CLANG_WARN_STRICT_PROTOTYPES = YES;
				CLANG_WARN_SUSPICIOUS_MOVE = YES;
				CLANG_WARN_UNGUARDED_AVAILABILITY = YES_AGGRESSIVE;
				CLANG_WARN_UNREACHABLE_CODE = YES;
				CLANG_WARN__DUPLICATE_METHOD_MATCH = YES;
				COPY_PHASE_STRIP = NO;
				DEBUG_INFORMATION_FORMAT = dwarf;
				ENABLE_STRICT_OBJC_MSGSEND = YES;
				ENABLE_TESTABILITY = YES;
				GCC_C_LANGUAGE_STANDARD = gnu11;
				GCC_DYNAMIC_NO_PIC = NO;
				GCC_NO_COMMON_BLOCKS = YES;
				GCC_OPTIMIZATION_LEVEL = 0;
				GCC_PREPROCESSOR_DEFINITIONS = (
					"DEBUG=1",
					"$(inherited)",
				);
				GCC_WARN_64_TO_32_BIT_CONVERSION = YES;
				GCC_WARN_ABOUT_RETURN_TYPE = YES_ERROR;
				GCC_WARN_UNDECLARED_SELECTOR = YES;
				GCC_WARN_UNINITIALIZED_AUTOS = YES_AGGRESSIVE;
				GCC_WARN_UNUSED_FUNCTION = YES;
				GCC_WARN_UNUSED_VARIABLE = YES;
				IPHONEOS_DEPLOYMENT_TARGET = 15.2;
				MTL_ENABLE_DEBUG_INFO = INCLUDE_SOURCE;
				MTL_FAST_MATH = YES;
				ONLY_ACTIVE_ARCH = YES;
				SDKROOT = iphoneos;
				SWIFT_ACTIVE_COMPILATION_CONDITIONS = DEBUG;
				SWIFT_OPTIMIZATION_LEVEL = "-Onone";
			};
			name = Debug;
		};
		C01B101427C7635C00C39818 /* Release */ = {
			isa = XCBuildConfiguration;
			buildSettings = {
				ALWAYS_SEARCH_USER_PATHS = NO;
				CLANG_ANALYZER_NONNULL = YES;
				CLANG_ANALYZER_NUMBER_OBJECT_CONVERSION = YES_AGGRESSIVE;
				CLANG_CXX_LANGUAGE_STANDARD = "gnu++17";
				CLANG_CXX_LIBRARY = "libc++";
				CLANG_ENABLE_MODULES = YES;
				CLANG_ENABLE_OBJC_ARC = YES;
				CLANG_ENABLE_OBJC_WEAK = YES;
				CLANG_WARN_BLOCK_CAPTURE_AUTORELEASING = YES;
				CLANG_WARN_BOOL_CONVERSION = YES;
				CLANG_WARN_COMMA = YES;
				CLANG_WARN_CONSTANT_CONVERSION = YES;
				CLANG_WARN_DEPRECATED_OBJC_IMPLEMENTATIONS = YES;
				CLANG_WARN_DIRECT_OBJC_ISA_USAGE = YES_ERROR;
				CLANG_WARN_DOCUMENTATION_COMMENTS = YES;
				CLANG_WARN_EMPTY_BODY = YES;
				CLANG_WARN_ENUM_CONVERSION = YES;
				CLANG_WARN_INFINITE_RECURSION = YES;
				CLANG_WARN_INT_CONVERSION = YES;
				CLANG_WARN_NON_LITERAL_NULL_CONVERSION = YES;
				CLANG_WARN_OBJC_IMPLICIT_RETAIN_SELF = YES;
				CLANG_WARN_OBJC_LITERAL_CONVERSION = YES;
				CLANG_WARN_OBJC_ROOT_CLASS = YES_ERROR;
				CLANG_WARN_QUOTED_INCLUDE_IN_FRAMEWORK_HEADER = YES;
				CLANG_WARN_RANGE_LOOP_ANALYSIS = YES;
				CLANG_WARN_STRICT_PROTOTYPES = YES;
				CLANG_WARN_SUSPICIOUS_MOVE = YES;
				CLANG_WARN_UNGUARDED_AVAILABILITY = YES_AGGRESSIVE;
				CLANG_WARN_UNREACHABLE_CODE = YES;
				CLANG_WARN__DUPLICATE_METHOD_MATCH = YES;
				COPY_PHASE_STRIP = NO;
				DEBUG_INFORMATION_FORMAT = "dwarf-with-dsym";
				ENABLE_NS_ASSERTIONS = NO;
				ENABLE_STRICT_OBJC_MSGSEND = YES;
				GCC_C_LANGUAGE_STANDARD = gnu11;
				GCC_NO_COMMON_BLOCKS = YES;
				GCC_WARN_64_TO_32_BIT_CONVERSION = YES;
				GCC_WARN_ABOUT_RETURN_TYPE = YES_ERROR;
				GCC_WARN_UNDECLARED_SELECTOR = YES;
				GCC_WARN_UNINITIALIZED_AUTOS = YES_AGGRESSIVE;
				GCC_WARN_UNUSED_FUNCTION = YES;
				GCC_WARN_UNUSED_VARIABLE = YES;
				IPHONEOS_DEPLOYMENT_TARGET = 15.2;
				MTL_ENABLE_DEBUG_INFO = NO;
				MTL_FAST_MATH = YES;
				SDKROOT = iphoneos;
				SWIFT_COMPILATION_MODE = wholemodule;
				SWIFT_OPTIMIZATION_LEVEL = "-O";
				VALIDATE_PRODUCT = YES;
			};
			name = Release;
		};
		C01B101627C7635C00C39818 /* Debug */ = {
			isa = XCBuildConfiguration;
			buildSettings = {
				ASSETCATALOG_COMPILER_APPICON_NAME = AppIcon;
				ASSETCATALOG_COMPILER_GLOBAL_ACCENT_COLOR_NAME = AccentColor;
				CODE_SIGN_STYLE = Automatic;
				CURRENT_PROJECT_VERSION = 1;
				DEVELOPMENT_ASSET_PATHS = "\"FlowImageSampleApp/Preview Content\"";
				DEVELOPMENT_TEAM = V3X3HUX8X2;
				ENABLE_PREVIEWS = YES;
				GENERATE_INFOPLIST_FILE = YES;
				INFOPLIST_FILE = FlowImageSampleApp/Info.plist;
				INFOPLIST_KEY_UIApplicationSupportsIndirectInputEvents = YES;
				INFOPLIST_KEY_UILaunchScreen_Generation = YES;
				INFOPLIST_KEY_UISupportedInterfaceOrientations_iPad = "UIInterfaceOrientationPortrait UIInterfaceOrientationPortraitUpsideDown UIInterfaceOrientationLandscapeLeft UIInterfaceOrientationLandscapeRight";
				INFOPLIST_KEY_UISupportedInterfaceOrientations_iPhone = "UIInterfaceOrientationPortrait UIInterfaceOrientationLandscapeLeft UIInterfaceOrientationLandscapeRight";
				LD_RUNPATH_SEARCH_PATHS = (
					"$(inherited)",
					"@executable_path/Frameworks",
				);
				MARKETING_VERSION = 1.0;
				PRODUCT_BUNDLE_IDENTIFIER = com.wang.xuezheng.FlowImageSampleApp;
				PRODUCT_NAME = "$(TARGET_NAME)";
				SWIFT_EMIT_LOC_STRINGS = YES;
				SWIFT_VERSION = 5.0;
				TARGETED_DEVICE_FAMILY = "1,2";
			};
			name = Debug;
		};
		C01B101727C7635C00C39818 /* Release */ = {
			isa = XCBuildConfiguration;
			buildSettings = {
				ASSETCATALOG_COMPILER_APPICON_NAME = AppIcon;
				ASSETCATALOG_COMPILER_GLOBAL_ACCENT_COLOR_NAME = AccentColor;
				CODE_SIGN_STYLE = Automatic;
				CURRENT_PROJECT_VERSION = 1;
				DEVELOPMENT_ASSET_PATHS = "\"FlowImageSampleApp/Preview Content\"";
				DEVELOPMENT_TEAM = V3X3HUX8X2;
				ENABLE_PREVIEWS = YES;
				GENERATE_INFOPLIST_FILE = YES;
				INFOPLIST_FILE = FlowImageSampleApp/Info.plist;
				INFOPLIST_KEY_UIApplicationSupportsIndirectInputEvents = YES;
				INFOPLIST_KEY_UILaunchScreen_Generation = YES;
				INFOPLIST_KEY_UISupportedInterfaceOrientations_iPad = "UIInterfaceOrientationPortrait UIInterfaceOrientationPortraitUpsideDown UIInterfaceOrientationLandscapeLeft UIInterfaceOrientationLandscapeRight";
				INFOPLIST_KEY_UISupportedInterfaceOrientations_iPhone = "UIInterfaceOrientationPortrait UIInterfaceOrientationLandscapeLeft UIInterfaceOrientationLandscapeRight";
				LD_RUNPATH_SEARCH_PATHS = (
					"$(inherited)",
					"@executable_path/Frameworks",
				);
				MARKETING_VERSION = 1.0;
				PRODUCT_BUNDLE_IDENTIFIER = com.wang.xuezheng.FlowImageSampleApp;
				PRODUCT_NAME = "$(TARGET_NAME)";
				SWIFT_EMIT_LOC_STRINGS = YES;
				SWIFT_VERSION = 5.0;
				TARGETED_DEVICE_FAMILY = "1,2";
			};
			name = Release;
		};
/* End XCBuildConfiguration section */

/* Begin XCConfigurationList section */
		C01B100227C7635A00C39818 /* Build configuration list for PBXProject "FlowImageSampleApp" */ = {
			isa = XCConfigurationList;
			buildConfigurations = (
				C01B101327C7635C00C39818 /* Debug */,
				C01B101427C7635C00C39818 /* Release */,
			);
			defaultConfigurationIsVisible = 0;
			defaultConfigurationName = Release;
		};
		C01B101527C7635C00C39818 /* Build configuration list for PBXNativeTarget "FlowImageSampleApp" */ = {
			isa = XCConfigurationList;
			buildConfigurations = (
				C01B101627C7635C00C39818 /* Debug */,
				C01B101727C7635C00C39818 /* Release */,
			);
			defaultConfigurationIsVisible = 0;
			defaultConfigurationName = Release;
		};
/* End XCConfigurationList section */

/* Begin XCRemoteSwiftPackageReference section */
		C03C46B627C76B1900BC978B /* XCRemoteSwiftPackageReference "FlowImage" */ = {
			isa = XCRemoteSwiftPackageReference;
			repositoryURL = "https://github.com/xzz-wang/FlowImage";
			requirement = {
				branch = main;
				kind = branch;
			};
		};
/* End XCRemoteSwiftPackageReference section */

/* Begin XCSwiftPackageProductDependency section */
		C03C46B727C76B1900BC978B /* FlowImage */ = {
			isa = XCSwiftPackageProductDependency;
			package = C03C46B627C76B1900BC978B /* XCRemoteSwiftPackageReference "FlowImage" */;
			productName = FlowImage;
		};
/* End XCSwiftPackageProductDependency section */
	};
	rootObject = C01B0FFF27C7635A00C39818 /* Project object */;
}
