{
  "object": {
    "pins": [
      {
        "package": "FlowImage",
        "repositoryURL": "https://github.com/xzz-wang/FlowImage",
        "state": {
          "branch": "main",
          "revision": "1a7a8dc1fe84b4d9e04726123142ddfff5477913",
          "version": null
        }
      }
    ]
  },
  "version": 1
}
