{
  "object": {
    "pins": [
      {
        "package": "FlowImage",
        "repositoryURL": "https://github.com/xzz-wang/FlowImage",
        "state": {
          "branch": "main",
          "revision": "f4ffa12c42c3e441f31903c80b72973a20107168",
          "version": null
        }
      }
    ]
  },
  "version": 1
}
